Microsoft Visual Studio Solution File, Format Version 12.00
# Visual Studio 15
VisualStudioVersion = 15.0.26124.0
MinimumVisualStudioVersion = 15.0.26124.0
Project("{FAE04EC0-301F-11D3-BF4B-00C04F79EFBC}") = "DbContextUnitTest", "DbContextUnitTest\DbContextUnitTest.csproj", "{204687FB-68E4-4444-867A-AD3DC2BA8F00}"
EndProject
Project("{FAE04EC0-301F-11D3-BF4B-00C04F79EFBC}") = "DbContextUnitTest.Tests", "DbContextUnitTest.Tests\DbContextUnitTest.Tests.csproj", "{3B2AA01A-CCE1-436C-86EE-8F38E5C6FBDF}"
EndProject
Global
	GlobalSection(SolutionConfigurationPlatforms) = preSolution
		Debug|Any CPU = Debug|Any CPU
		Debug|x64 = Debug|x64
		Debug|x86 = Debug|x86
		Release|Any CPU = Release|Any CPU
		Release|x64 = Release|x64
		Release|x86 = Release|x86
	EndGlobalSection
	GlobalSection(ProjectConfigurationPlatforms) = postSolution
		{204687FB-68E4-4444-867A-AD3DC2BA8F00}.Debug|Any CPU.ActiveCfg = Debug|Any CPU
		{204687FB-68E4-4444-867A-AD3DC2BA8F00}.Debug|Any CPU.Build.0 = Debug|Any CPU
		{204687FB-68E4-4444-867A-AD3DC2BA8F00}.Debug|x64.ActiveCfg = Debug|Any CPU
		{204687FB-68E4-4444-867A-AD3DC2BA8F00}.Debug|x64.Build.0 = Debug|Any CPU
		{204687FB-68E4-4444-867A-AD3DC2BA8F00}.Debug|x86.ActiveCfg = Debug|Any CPU
		{204687FB-68E4-4444-867A-AD3DC2BA8F00}.Debug|x86.Build.0 = Debug|Any CPU
		{204687FB-68E4-4444-867A-AD3DC2BA8F00}.Release|Any CPU.ActiveCfg = Release|Any CPU
		{204687FB-68E4-4444-867A-AD3DC2BA8F00}.Release|Any CPU.Build.0 = Release|Any CPU
		{204687FB-68E4-4444-867A-AD3DC2BA8F00}.Release|x64.ActiveCfg = Release|Any CPU
		{204687FB-68E4-4444-867A-AD3DC2BA8F00}.Release|x64.Build.0 = Release|Any CPU
		{204687FB-68E4-4444-867A-AD3DC2BA8F00}.Release|x86.ActiveCfg = Release|Any CPU
		{204687FB-68E4-4444-867A-AD3DC2BA8F00}.Release|x86.Build.0 = Release|Any CPU
		{3B2AA01A-CCE1-436C-86EE-8F38E5C6FBDF}.Debug|Any CPU.ActiveCfg = Debug|Any CPU
		{3B2AA01A-CCE1-436C-86EE-8F38E5C6FBDF}.Debug|Any CPU.Build.0 = Debug|Any CPU
		{3B2AA01A-CCE1-436C-86EE-8F38E5C6FBDF}.Debug|x64.ActiveCfg = Debug|Any CPU
		{3B2AA01A-CCE1-436C-86EE-8F38E5C6FBDF}.Debug|x64.Build.0 = Debug|Any CPU
		{3B2AA01A-CCE1-436C-86EE-8F38E5C6FBDF}.Debug|x86.ActiveCfg = Debug|Any CPU
		{3B2AA01A-CCE1-436C-86EE-8F38E5C6FBDF}.Debug|x86.Build.0 = Debug|Any CPU
		{3B2AA01A-CCE1-436C-86EE-8F38E5C6FBDF}.Release|Any CPU.ActiveCfg = Release|Any CPU
		{3B2AA01A-CCE1-436C-86EE-8F38E5C6FBDF}.Release|Any CPU.Build.0 = Release|Any CPU
		{3B2AA01A-CCE1-436C-86EE-8F38E5C6FBDF}.Release|x64.ActiveCfg = Release|Any CPU
		{3B2AA01A-CCE1-436C-86EE-8F38E5C6FBDF}.Release|x64.Build.0 = Release|Any CPU
		{3B2AA01A-CCE1-436C-86EE-8F38E5C6FBDF}.Release|x86.ActiveCfg = Release|Any CPU
		{3B2AA01A-CCE1-436C-86EE-8F38E5C6FBDF}.Release|x86.Build.0 = Release|Any CPU
	EndGlobalSection
	GlobalSection(SolutionProperties) = preSolution
		HideSolutionNode = FALSE
	EndGlobalSection
	GlobalSection(ExtensibilityGlobals) = postSolution
		SolutionGuid = {F7CBEC48-502D-4EEC-B1B5-3CDC8EBEDA41}
	EndGlobalSection
EndGlobal
